
Microsoft Visual Studio Solution File, Format Version 12.00
# Visual Studio Version 17
VisualStudioVersion = 17.12.35527.113 d17.12
MinimumVisualStudioVersion = 10.0.40219.1
Project("{FAE04EC0-301F-11D3-BF4B-00C04F79EFBC}") = "AuthService", "AuthService\AuthService.csproj", "{3A05923D-EFA1-44C9-A752-963C5230F399}"
EndProject
Project("{FAE04EC0-301F-11D3-BF4B-00C04F79EFBC}") = "GameService", "GameService\GameService.csproj", "{DC9316A8-72D7-403F-BC08-4A0EF15451A2}"
EndProject
Global
	GlobalSection(SolutionConfigurationPlatforms) = preSolution
		Debug|Any CPU = Debug|Any CPU
		Release|Any CPU = Release|Any CPU
	EndGlobalSection
	GlobalSection(ProjectConfigurationPlatforms) = postSolution
		{3A05923D-EFA1-44C9-A752-963C5230F399}.Debug|Any CPU.ActiveCfg = Debug|Any CPU
		{3A05923D-EFA1-44C9-A752-963C5230F399}.Debug|Any CPU.Build.0 = Debug|Any CPU
		{3A05923D-EFA1-44C9-A752-963C5230F399}.Release|Any CPU.ActiveCfg = Release|Any CPU
		{3A05923D-EFA1-44C9-A752-963C5230F399}.Release|Any CPU.Build.0 = Release|Any CPU
		{DC9316A8-72D7-403F-BC08-4A0EF15451A2}.Debug|Any CPU.ActiveCfg = Debug|Any CPU
		{DC9316A8-72D7-403F-BC08-4A0EF15451A2}.Debug|Any CPU.Build.0 = Debug|Any CPU
		{DC9316A8-72D7-403F-BC08-4A0EF15451A2}.Release|Any CPU.ActiveCfg = Release|Any CPU
		{DC9316A8-72D7-403F-BC08-4A0EF15451A2}.Release|Any CPU.Build.0 = Release|Any CPU
	EndGlobalSection
	GlobalSection(SolutionProperties) = preSolution
		HideSolutionNode = FALSE
	EndGlobalSection
EndGlobal
